// !$*UTF8*$!
{
	archiveVersion = 1;
	classes = {
	};
	objectVersion = 56;
	objects = {

/* Begin PBXBuildFile section */
		B71AC4932B51D338000A5A9F /* MainCard.swift in Sources */ = {isa = PBXBuildFile; fileRef = B71AC4922B51D338000A5A9F /* MainCard.swift */; };
		B71AC4952B51D3F8000A5A9F /* Title.swift in Sources */ = {isa = PBXBuildFile; fileRef = B71AC4942B51D3F8000A5A9F /* Title.swift */; };
		B71AC4972B51D42E000A5A9F /* Background.swift in Sources */ = {isa = PBXBuildFile; fileRef = B71AC4962B51D42E000A5A9F /* Background.swift */; };
		B71AC4992B51DB22000A5A9F /* Card.swift in Sources */ = {isa = PBXBuildFile; fileRef = B71AC4982B51DB22000A5A9F /* Card.swift */; };
		B71AC49D2B51E70C000A5A9F /* Cards.swift in Sources */ = {isa = PBXBuildFile; fileRef = B71AC49C2B51E70C000A5A9F /* Cards.swift */; };
		B71AC4A02B527163000A5A9F /* LocationManager.swift in Sources */ = {isa = PBXBuildFile; fileRef = B71AC49F2B527163000A5A9F /* LocationManager.swift */; };
		B71AC4A22B52A605000A5A9F /* OutfitCard.swift in Sources */ = {isa = PBXBuildFile; fileRef = B71AC4A12B52A605000A5A9F /* OutfitCard.swift */; };
		B71AC4A42B586208000A5A9F /* README.md in Resources */ = {isa = PBXBuildFile; fileRef = B71AC4A32B586208000A5A9F /* README.md */; };
		B7427CED2B4DA5E9006285A8 /* Smart_Weather_IphoneApp.swift in Sources */ = {isa = PBXBuildFile; fileRef = B7427CEC2B4DA5E9006285A8 /* Smart_Weather_IphoneApp.swift */; };
		B7427CEF2B4DA5E9006285A8 /* ContentView.swift in Sources */ = {isa = PBXBuildFile; fileRef = B7427CEE2B4DA5E9006285A8 /* ContentView.swift */; };
		B7427CF12B4DA5EC006285A8 /* Assets.xcassets in Resources */ = {isa = PBXBuildFile; fileRef = B7427CF02B4DA5EC006285A8 /* Assets.xcassets */; };
		B7427CF42B4DA5EC006285A8 /* Preview Assets.xcassets in Resources */ = {isa = PBXBuildFile; fileRef = B7427CF32B4DA5EC006285A8 /* Preview Assets.xcassets */; };
		B7427CFF2B4DE41D006285A8 /* WeatherValues.swift in Sources */ = {isa = PBXBuildFile; fileRef = B7427CFE2B4DE41D006285A8 /* WeatherValues.swift */; };
		B7427D012B4DE4B3006285A8 /* WeatherService.swift in Sources */ = {isa = PBXBuildFile; fileRef = B7427D002B4DE4B3006285A8 /* WeatherService.swift */; };
		B7427D042B4DEDC6006285A8 /* WeatherViewModel.swift in Sources */ = {isa = PBXBuildFile; fileRef = B7427D032B4DEDC6006285A8 /* WeatherViewModel.swift */; };
/* End PBXBuildFile section */

/* Begin PBXFileReference section */
		B71AC4922B51D338000A5A9F /* MainCard.swift */ = {isa = PBXFileReference; lastKnownFileType = sourcecode.swift; path = MainCard.swift; sourceTree = "<group>"; };
		B71AC4942B51D3F8000A5A9F /* Title.swift */ = {isa = PBXFileReference; lastKnownFileType = sourcecode.swift; path = Title.swift; sourceTree = "<group>"; };
		B71AC4962B51D42E000A5A9F /* Background.swift */ = {isa = PBXFileReference; lastKnownFileType = sourcecode.swift; path = Background.swift; sourceTree = "<group>"; };
		B71AC4982B51DB22000A5A9F /* Card.swift */ = {isa = PBXFileReference; lastKnownFileType = sourcecode.swift; path = Card.swift; sourceTree = "<group>"; };
		B71AC49C2B51E70C000A5A9F /* Cards.swift */ = {isa = PBXFileReference; lastKnownFileType = sourcecode.swift; path = Cards.swift; sourceTree = "<group>"; };
		B71AC49E2B51ED8F000A5A9F /* Smart-Weather-Iphone-Info.plist */ = {isa = PBXFileReference; lastKnownFileType = text.plist; path = "Smart-Weather-Iphone-Info.plist"; sourceTree = SOURCE_ROOT; };
		B71AC49F2B527163000A5A9F /* LocationManager.swift */ = {isa = PBXFileReference; lastKnownFileType = sourcecode.swift; path = LocationManager.swift; sourceTree = "<group>"; };
		B71AC4A12B52A605000A5A9F /* OutfitCard.swift */ = {isa = PBXFileReference; lastKnownFileType = sourcecode.swift; path = OutfitCard.swift; sourceTree = "<group>"; };
		B71AC4A32B586208000A5A9F /* README.md */ = {isa = PBXFileReference; lastKnownFileType = net.daringfireball.markdown; path = README.md; sourceTree = "<group>"; };
		B7427CE92B4DA5E9006285A8 /* Smart Weather Iphone.app */ = {isa = PBXFileReference; explicitFileType = wrapper.application; includeInIndex = 0; path = "Smart Weather Iphone.app"; sourceTree = BUILT_PRODUCTS_DIR; };
		B7427CEC2B4DA5E9006285A8 /* Smart_Weather_IphoneApp.swift */ = {isa = PBXFileReference; lastKnownFileType = sourcecode.swift; path = Smart_Weather_IphoneApp.swift; sourceTree = "<group>"; };
		B7427CEE2B4DA5E9006285A8 /* ContentView.swift */ = {isa = PBXFileReference; lastKnownFileType = sourcecode.swift; path = ContentView.swift; sourceTree = "<group>"; };
		B7427CF02B4DA5EC006285A8 /* Assets.xcassets */ = {isa = PBXFileReference; lastKnownFileType = folder.assetcatalog; path = Assets.xcassets; sourceTree = "<group>"; };
		B7427CF32B4DA5EC006285A8 /* Preview Assets.xcassets */ = {isa = PBXFileReference; lastKnownFileType = folder.assetcatalog; path = "Preview Assets.xcassets"; sourceTree = "<group>"; };
		B7427CFE2B4DE41D006285A8 /* WeatherValues.swift */ = {isa = PBXFileReference; lastKnownFileType = sourcecode.swift; path = WeatherValues.swift; sourceTree = "<group>"; };
		B7427D002B4DE4B3006285A8 /* WeatherService.swift */ = {isa = PBXFileReference; lastKnownFileType = sourcecode.swift; path = WeatherService.swift; sourceTree = "<group>"; };
		B7427D032B4DEDC6006285A8 /* WeatherViewModel.swift */ = {isa = PBXFileReference; lastKnownFileType = sourcecode.swift; path = WeatherViewModel.swift; sourceTree = "<group>"; };
/* End PBXFileReference section */

/* Begin PBXFrameworksBuildPhase section */
		B7427CE62B4DA5E9006285A8 /* Frameworks */ = {
			isa = PBXFrameworksBuildPhase;
			buildActionMask = 2147483647;
			files = (
			);
			runOnlyForDeploymentPostprocessing = 0;
		};
/* End PBXFrameworksBuildPhase section */

/* Begin PBXGroup section */
		B7427CE02B4DA5E9006285A8 = {
			isa = PBXGroup;
			children = (
				B71AC4A32B586208000A5A9F /* README.md */,
				B7427CEB2B4DA5E9006285A8 /* Smart Weather Iphone */,
				B7427CEA2B4DA5E9006285A8 /* Products */,
			);
			sourceTree = "<group>";
		};
		B7427CEA2B4DA5E9006285A8 /* Products */ = {
			isa = PBXGroup;
			children = (
				B7427CE92B4DA5E9006285A8 /* Smart Weather Iphone.app */,
			);
			name = Products;
			sourceTree = "<group>";
		};
		B7427CEB2B4DA5E9006285A8 /* Smart Weather Iphone */ = {
			isa = PBXGroup;
			children = (
				B71AC49E2B51ED8F000A5A9F /* Smart-Weather-Iphone-Info.plist */,
				B7427CEC2B4DA5E9006285A8 /* Smart_Weather_IphoneApp.swift */,
				B7427D022B4DED33006285A8 /* ViewModels */,
				B7427CFD2B4DE3E1006285A8 /* Utilities */,
				B7427CFC2B4DE3CD006285A8 /* Services */,
				B7427CFB2B4DE3C5006285A8 /* Models */,
				B7427CFA2B4DE36B006285A8 /* Views */,
				B7427CF02B4DA5EC006285A8 /* Assets.xcassets */,
				B7427CF22B4DA5EC006285A8 /* Preview Content */,
			);
			path = "Smart Weather Iphone";
			sourceTree = "<group>";
		};
		B7427CF22B4DA5EC006285A8 /* Preview Content */ = {
			isa = PBXGroup;
			children = (
				B7427CF32B4DA5EC006285A8 /* Preview Assets.xcassets */,
			);
			path = "Preview Content";
			sourceTree = "<group>";
		};
		B7427CFA2B4DE36B006285A8 /* Views */ = {
			isa = PBXGroup;
			children = (
				B7427CEE2B4DA5E9006285A8 /* ContentView.swift */,
				B71AC4922B51D338000A5A9F /* MainCard.swift */,
				B71AC4942B51D3F8000A5A9F /* Title.swift */,
				B71AC4962B51D42E000A5A9F /* Background.swift */,
				B71AC4A12B52A605000A5A9F /* OutfitCard.swift */,
				B71AC4982B51DB22000A5A9F /* Card.swift */,
				B71AC49C2B51E70C000A5A9F /* Cards.swift */,
			);
			path = Views;
			sourceTree = "<group>";
		};
		B7427CFB2B4DE3C5006285A8 /* Models */ = {
			isa = PBXGroup;
			children = (
				B7427CFE2B4DE41D006285A8 /* WeatherValues.swift */,
			);
			path = Models;
			sourceTree = "<group>";
		};
		B7427CFC2B4DE3CD006285A8 /* Services */ = {
			isa = PBXGroup;
			children = (
				B7427D002B4DE4B3006285A8 /* WeatherService.swift */,
				B71AC49F2B527163000A5A9F /* LocationManager.swift */,
			);
			path = Services;
			sourceTree = "<group>";
		};
		B7427CFD2B4DE3E1006285A8 /* Utilities */ = {
			isa = PBXGroup;
			children = (
			);
			path = Utilities;
			sourceTree = "<group>";
		};
		B7427D022B4DED33006285A8 /* ViewModels */ = {
			isa = PBXGroup;
			children = (
				B7427D032B4DEDC6006285A8 /* WeatherViewModel.swift */,
			);
			path = ViewModels;
			sourceTree = "<group>";
		};
/* End PBXGroup section */

/* Begin PBXNativeTarget section */
		B7427CE82B4DA5E9006285A8 /* Smart Weather Iphone */ = {
			isa = PBXNativeTarget;
			buildConfigurationList = B7427CF72B4DA5EC006285A8 /* Build configuration list for PBXNativeTarget "Smart Weather Iphone" */;
			buildPhases = (
				B7427CE52B4DA5E9006285A8 /* Sources */,
				B7427CE62B4DA5E9006285A8 /* Frameworks */,
				B7427CE72B4DA5E9006285A8 /* Resources */,
			);
			buildRules = (
			);
			dependencies = (
			);
			name = "Smart Weather Iphone";
			productName = "Smart Weather Iphone";
			productReference = B7427CE92B4DA5E9006285A8 /* Smart Weather Iphone.app */;
			productType = "com.apple.product-type.application";
		};
/* End PBXNativeTarget section */

/* Begin PBXProject section */
		B7427CE12B4DA5E9006285A8 /* Project object */ = {
			isa = PBXProject;
			attributes = {
				BuildIndependentTargetsInParallel = 1;
				LastSwiftUpdateCheck = 1510;
				LastUpgradeCheck = 1510;
				TargetAttributes = {
					B7427CE82B4DA5E9006285A8 = {
						CreatedOnToolsVersion = 15.1;
					};
				};
			};
			buildConfigurationList = B7427CE42B4DA5E9006285A8 /* Build configuration list for PBXProject "Smart Weather Iphone" */;
			compatibilityVersion = "Xcode 14.0";
			developmentRegion = en;
			hasScannedForEncodings = 0;
			knownRegions = (
				en,
				Base,
			);
			mainGroup = B7427CE02B4DA5E9006285A8;
			productRefGroup = B7427CEA2B4DA5E9006285A8 /* Products */;
			projectDirPath = "";
			projectRoot = "";
			targets = (
				B7427CE82B4DA5E9006285A8 /* Smart Weather Iphone */,
			);
		};
/* End PBXProject section */

/* Begin PBXResourcesBuildPhase section */
		B7427CE72B4DA5E9006285A8 /* Resources */ = {
			isa = PBXResourcesBuildPhase;
			buildActionMask = 2147483647;
			files = (
				B71AC4A42B586208000A5A9F /* README.md in Resources */,
				B7427CF42B4DA5EC006285A8 /* Preview Assets.xcassets in Resources */,
				B7427CF12B4DA5EC006285A8 /* Assets.xcassets in Resources */,
			);
			runOnlyForDeploymentPostprocessing = 0;
		};
/* End PBXResourcesBuildPhase section */

/* Begin PBXSourcesBuildPhase section */
		B7427CE52B4DA5E9006285A8 /* Sources */ = {
			isa = PBXSourcesBuildPhase;
			buildActionMask = 2147483647;
			files = (
				B7427D042B4DEDC6006285A8 /* WeatherViewModel.swift in Sources */,
				B71AC4992B51DB22000A5A9F /* Card.swift in Sources */,
				B7427D012B4DE4B3006285A8 /* WeatherService.swift in Sources */,
				B71AC4A02B527163000A5A9F /* LocationManager.swift in Sources */,
				B71AC4A22B52A605000A5A9F /* OutfitCard.swift in Sources */,
				B71AC4952B51D3F8000A5A9F /* Title.swift in Sources */,
				B71AC4972B51D42E000A5A9F /* Background.swift in Sources */,
				B71AC49D2B51E70C000A5A9F /* Cards.swift in Sources */,
				B7427CEF2B4DA5E9006285A8 /* ContentView.swift in Sources */,
				B7427CED2B4DA5E9006285A8 /* Smart_Weather_IphoneApp.swift in Sources */,
				B71AC4932B51D338000A5A9F /* MainCard.swift in Sources */,
				B7427CFF2B4DE41D006285A8 /* WeatherValues.swift in Sources */,
			);
			runOnlyForDeploymentPostprocessing = 0;
		};
/* End PBXSourcesBuildPhase section */

/* Begin XCBuildConfiguration section */
		B7427CF52B4DA5EC006285A8 /* Debug */ = {
			isa = XCBuildConfiguration;
			buildSettings = {
				ALWAYS_SEARCH_USER_PATHS = NO;
				ASSETCATALOG_COMPILER_GENERATE_SWIFT_ASSET_SYMBOL_EXTENSIONS = YES;
				CLANG_ANALYZER_NONNULL = YES;
				CLANG_ANALYZER_NUMBER_OBJECT_CONVERSION = YES_AGGRESSIVE;
				CLANG_CXX_LANGUAGE_STANDARD = "gnu++20";
				CLANG_ENABLE_MODULES = YES;
				CLANG_ENABLE_OBJC_ARC = YES;
				CLANG_ENABLE_OBJC_WEAK = YES;
				CLANG_WARN_BLOCK_CAPTURE_AUTORELEASING = YES;
				CLANG_WARN_BOOL_CONVERSION = YES;
				CLANG_WARN_COMMA = YES;
				CLANG_WARN_CONSTANT_CONVERSION = YES;
				CLANG_WARN_DEPRECATED_OBJC_IMPLEMENTATIONS = YES;
				CLANG_WARN_DIRECT_OBJC_ISA_USAGE = YES_ERROR;
				CLANG_WARN_DOCUMENTATION_COMMENTS = YES;
				CLANG_WARN_EMPTY_BODY = YES;
				CLANG_WARN_ENUM_CONVERSION = YES;
				CLANG_WARN_INFINITE_RECURSION = YES;
				CLANG_WARN_INT_CONVERSION = YES;
				CLANG_WARN_NON_LITERAL_NULL_CONVERSION = YES;
				CLANG_WARN_OBJC_IMPLICIT_RETAIN_SELF = YES;
				CLANG_WARN_OBJC_LITERAL_CONVERSION = YES;
				CLANG_WARN_OBJC_ROOT_CLASS = YES_ERROR;
				CLANG_WARN_QUOTED_INCLUDE_IN_FRAMEWORK_HEADER = YES;
				CLANG_WARN_RANGE_LOOP_ANALYSIS = YES;
				CLANG_WARN_STRICT_PROTOTYPES = YES;
				CLANG_WARN_SUSPICIOUS_MOVE = YES;
				CLANG_WARN_UNGUARDED_AVAILABILITY = YES_AGGRESSIVE;
				CLANG_WARN_UNREACHABLE_CODE = YES;
				CLANG_WARN__DUPLICATE_METHOD_MATCH = YES;
				COPY_PHASE_STRIP = NO;
				DEBUG_INFORMATION_FORMAT = dwarf;
				ENABLE_STRICT_OBJC_MSGSEND = YES;
				ENABLE_TESTABILITY = YES;
				ENABLE_USER_SCRIPT_SANDBOXING = YES;
				GCC_C_LANGUAGE_STANDARD = gnu17;
				GCC_DYNAMIC_NO_PIC = NO;
				GCC_NO_COMMON_BLOCKS = YES;
				GCC_OPTIMIZATION_LEVEL = 0;
				GCC_PREPROCESSOR_DEFINITIONS = (
					"DEBUG=1",
					"$(inherited)",
				);
				GCC_WARN_64_TO_32_BIT_CONVERSION = YES;
				GCC_WARN_ABOUT_RETURN_TYPE = YES_ERROR;
				GCC_WARN_UNDECLARED_SELECTOR = YES;
				GCC_WARN_UNINITIALIZED_AUTOS = YES_AGGRESSIVE;
				GCC_WARN_UNUSED_FUNCTION = YES;
				GCC_WARN_UNUSED_VARIABLE = YES;
				IPHONEOS_DEPLOYMENT_TARGET = 17.2;
				LOCALIZATION_PREFERS_STRING_CATALOGS = YES;
				MTL_ENABLE_DEBUG_INFO = INCLUDE_SOURCE;
				MTL_FAST_MATH = YES;
				ONLY_ACTIVE_ARCH = YES;
				SDKROOT = iphoneos;
				SWIFT_ACTIVE_COMPILATION_CONDITIONS = "DEBUG $(inherited)";
				SWIFT_OPTIMIZATION_LEVEL = "-Onone";
			};
			name = Debug;
		};
		B7427CF62B4DA5EC006285A8 /* Release */ = {
			isa = XCBuildConfiguration;
			buildSettings = {
				ALWAYS_SEARCH_USER_PATHS = NO;
				ASSETCATALOG_COMPILER_GENERATE_SWIFT_ASSET_SYMBOL_EXTENSIONS = YES;
				CLANG_ANALYZER_NONNULL = YES;
				CLANG_ANALYZER_NUMBER_OBJECT_CONVERSION = YES_AGGRESSIVE;
				CLANG_CXX_LANGUAGE_STANDARD = "gnu++20";
				CLANG_ENABLE_MODULES = YES;
				CLANG_ENABLE_OBJC_ARC = YES;
				CLANG_ENABLE_OBJC_WEAK = YES;
				CLANG_WARN_BLOCK_CAPTURE_AUTORELEASING = YES;
				CLANG_WARN_BOOL_CONVERSION = YES;
				CLANG_WARN_COMMA = YES;
				CLANG_WARN_CONSTANT_CONVERSION = YES;
				CLANG_WARN_DEPRECATED_OBJC_IMPLEMENTATIONS = YES;
				CLANG_WARN_DIRECT_OBJC_ISA_USAGE = YES_ERROR;
				CLANG_WARN_DOCUMENTATION_COMMENTS = YES;
				CLANG_WARN_EMPTY_BODY = YES;
				CLANG_WARN_ENUM_CONVERSION = YES;
				CLANG_WARN_INFINITE_RECURSION = YES;
				CLANG_WARN_INT_CONVERSION = YES;
				CLANG_WARN_NON_LITERAL_NULL_CONVERSION = YES;
				CLANG_WARN_OBJC_IMPLICIT_RETAIN_SELF = YES;
				CLANG_WARN_OBJC_LITERAL_CONVERSION = YES;
				CLANG_WARN_OBJC_ROOT_CLASS = YES_ERROR;
				CLANG_WARN_QUOTED_INCLUDE_IN_FRAMEWORK_HEADER = YES;
				CLANG_WARN_RANGE_LOOP_ANALYSIS = YES;
				CLANG_WARN_STRICT_PROTOTYPES = YES;
				CLANG_WARN_SUSPICIOUS_MOVE = YES;
				CLANG_WARN_UNGUARDED_AVAILABILITY = YES_AGGRESSIVE;
				CLANG_WARN_UNREACHABLE_CODE = YES;
				CLANG_WARN__DUPLICATE_METHOD_MATCH = YES;
				COPY_PHASE_STRIP = NO;
				DEBUG_INFORMATION_FORMAT = "dwarf-with-dsym";
				ENABLE_NS_ASSERTIONS = NO;
				ENABLE_STRICT_OBJC_MSGSEND = YES;
				ENABLE_USER_SCRIPT_SANDBOXING = YES;
				GCC_C_LANGUAGE_STANDARD = gnu17;
				GCC_NO_COMMON_BLOCKS = YES;
				GCC_WARN_64_TO_32_BIT_CONVERSION = YES;
				GCC_WARN_ABOUT_RETURN_TYPE = YES_ERROR;
				GCC_WARN_UNDECLARED_SELECTOR = YES;
				GCC_WARN_UNINITIALIZED_AUTOS = YES_AGGRESSIVE;
				GCC_WARN_UNUSED_FUNCTION = YES;
				GCC_WARN_UNUSED_VARIABLE = YES;
				IPHONEOS_DEPLOYMENT_TARGET = 17.2;
				LOCALIZATION_PREFERS_STRING_CATALOGS = YES;
				MTL_ENABLE_DEBUG_INFO = NO;
				MTL_FAST_MATH = YES;
				SDKROOT = iphoneos;
				SWIFT_COMPILATION_MODE = wholemodule;
				VALIDATE_PRODUCT = YES;
			};
			name = Release;
		};
		B7427CF82B4DA5EC006285A8 /* Debug */ = {
			isa = XCBuildConfiguration;
			buildSettings = {
				ASSETCATALOG_COMPILER_APPICON_NAME = AppIcon;
				ASSETCATALOG_COMPILER_GLOBAL_ACCENT_COLOR_NAME = AccentColor;
				CODE_SIGN_STYLE = Automatic;
				CURRENT_PROJECT_VERSION = 1;
				DEVELOPMENT_ASSET_PATHS = "\"Smart Weather Iphone/Preview Content\"";
				DEVELOPMENT_TEAM = FDG42LU68C;
				ENABLE_PREVIEWS = YES;
				GENERATE_INFOPLIST_FILE = YES;
				INFOPLIST_FILE = "Smart-Weather-Iphone-Info.plist";
				INFOPLIST_KEY_NSLocationWhenInUseUsageDescription = "";
				INFOPLIST_KEY_UIApplicationSceneManifest_Generation = YES;
				INFOPLIST_KEY_UIApplicationSupportsIndirectInputEvents = YES;
				INFOPLIST_KEY_UILaunchScreen_Generation = YES;
				INFOPLIST_KEY_UISupportedInterfaceOrientations_iPad = "UIInterfaceOrientationPortrait UIInterfaceOrientationPortraitUpsideDown UIInterfaceOrientationLandscapeLeft UIInterfaceOrientationLandscapeRight";
				INFOPLIST_KEY_UISupportedInterfaceOrientations_iPhone = "UIInterfaceOrientationPortrait UIInterfaceOrientationLandscapeLeft UIInterfaceOrientationLandscapeRight";
				LD_RUNPATH_SEARCH_PATHS = (
					"$(inherited)",
					"@executable_path/Frameworks",
				);
				MARKETING_VERSION = 1.0;
				PRODUCT_BUNDLE_IDENTIFIER = "com.michal-forman.Smart-Weather-Iphone";
				PRODUCT_NAME = "$(TARGET_NAME)";
				SWIFT_EMIT_LOC_STRINGS = YES;
				SWIFT_VERSION = 5.0;
				TARGETED_DEVICE_FAMILY = "1,2";
			};
			name = Debug;
		};
		B7427CF92B4DA5EC006285A8 /* Release */ = {
			isa = XCBuildConfiguration;
			buildSettings = {
				ASSETCATALOG_COMPILER_APPICON_NAME = AppIcon;
				ASSETCATALOG_COMPILER_GLOBAL_ACCENT_COLOR_NAME = AccentColor;
				CODE_SIGN_STYLE = Automatic;
				CURRENT_PROJECT_VERSION = 1;
				DEVELOPMENT_ASSET_PATHS = "\"Smart Weather Iphone/Preview Content\"";
				DEVELOPMENT_TEAM = FDG42LU68C;
				ENABLE_PREVIEWS = YES;
				GENERATE_INFOPLIST_FILE = YES;
				INFOPLIST_FILE = "Smart-Weather-Iphone-Info.plist";
				INFOPLIST_KEY_NSLocationWhenInUseUsageDescription = "";
				INFOPLIST_KEY_UIApplicationSceneManifest_Generation = YES;
				INFOPLIST_KEY_UIApplicationSupportsIndirectInputEvents = YES;
				INFOPLIST_KEY_UILaunchScreen_Generation = YES;
				INFOPLIST_KEY_UISupportedInterfaceOrientations_iPad = "UIInterfaceOrientationPortrait UIInterfaceOrientationPortraitUpsideDown UIInterfaceOrientationLandscapeLeft UIInterfaceOrientationLandscapeRight";
				INFOPLIST_KEY_UISupportedInterfaceOrientations_iPhone = "UIInterfaceOrientationPortrait UIInterfaceOrientationLandscapeLeft UIInterfaceOrientationLandscapeRight";
				LD_RUNPATH_SEARCH_PATHS = (
					"$(inherited)",
					"@executable_path/Frameworks",
				);
				MARKETING_VERSION = 1.0;
				PRODUCT_BUNDLE_IDENTIFIER = "com.michal-forman.Smart-Weather-Iphone";
				PRODUCT_NAME = "$(TARGET_NAME)";
				SWIFT_EMIT_LOC_STRINGS = YES;
				SWIFT_VERSION = 5.0;
				TARGETED_DEVICE_FAMILY = "1,2";
			};
			name = Release;
		};
/* End XCBuildConfiguration section */

/* Begin XCConfigurationList section */
		B7427CE42B4DA5E9006285A8 /* Build configuration list for PBXProject "Smart Weather Iphone" */ = {
			isa = XCConfigurationList;
			buildConfigurations = (
				B7427CF52B4DA5EC006285A8 /* Debug */,
				B7427CF62B4DA5EC006285A8 /* Release */,
			);
			defaultConfigurationIsVisible = 0;
			defaultConfigurationName = Release;
		};
		B7427CF72B4DA5EC006285A8 /* Build configuration list for PBXNativeTarget "Smart Weather Iphone" */ = {
			isa = XCConfigurationList;
			buildConfigurations = (
				B7427CF82B4DA5EC006285A8 /* Debug */,
				B7427CF92B4DA5EC006285A8 /* Release */,
			);
			defaultConfigurationIsVisible = 0;
			defaultConfigurationName = Release;
		};
/* End XCConfigurationList section */
	};
	rootObject = B7427CE12B4DA5E9006285A8 /* Project object */;
}
